
Microsoft Visual Studio Solution File, Format Version 12.00
# Visual Studio Version 17
VisualStudioVersion = 17.0.31903.59
MinimumVisualStudioVersion = 10.0.40219.1
Project("{9A19103F-16F7-4668-BE54-9A1E7A4F7556}") = "AspNetCoreAngularCameraDemo.Net9", "AspNetCoreAngularCameraDemo.Net9.csproj", "{847D7263-8361-4B6F-A1AC-824AEBCD1794}"
EndProject
Global
	GlobalSection(SolutionConfigurationPlatforms) = preSolution
		Debug|Any CPU = Debug|Any CPU
		Release|Any CPU = Release|Any CPU
	EndGlobalSection
	GlobalSection(ProjectConfigurationPlatforms) = postSolution
		{847D7263-8361-4B6F-A1AC-824AEBCD1794}.Debug|Any CPU.ActiveCfg = Debug|Any CPU
		{847D7263-8361-4B6F-A1AC-824AEBCD1794}.Debug|Any CPU.Build.0 = Debug|Any CPU
		{847D7263-8361-4B6F-A1AC-824AEBCD1794}.Release|Any CPU.ActiveCfg = Release|Any CPU
		{847D7263-8361-4B6F-A1AC-824AEBCD1794}.Release|Any CPU.Build.0 = Release|Any CPU
	EndGlobalSection
	GlobalSection(SolutionProperties) = preSolution
		HideSolutionNode = FALSE
	EndGlobalSection
	GlobalSection(ExtensibilityGlobals) = postSolution
		SolutionGuid = {C3021653-9758-41D0-BE51-3D70BED08B96}
	EndGlobalSection
EndGlobal
